
Microsoft Visual Studio Solution File, Format Version 12.00
# Visual Studio Version 17
VisualStudioVersion = 17.11.35208.52
MinimumVisualStudioVersion = 10.0.40219.1
Project("{FAE04EC0-301F-11D3-BF4B-00C04F79EFBC}") = "JoseCerezo-Proyecto1", "JoseCerezo-Proyecto1\JoseCerezo-Proyecto1.csproj", "{CFDC3092-6C7D-4926-89F8-75BF8ACFB7F8}"
EndProject
Global
	GlobalSection(SolutionConfigurationPlatforms) = preSolution
		Debug|Any CPU = Debug|Any CPU
		Release|Any CPU = Release|Any CPU
	EndGlobalSection
	GlobalSection(ProjectConfigurationPlatforms) = postSolution
		{CFDC3092-6C7D-4926-89F8-75BF8ACFB7F8}.Debug|Any CPU.ActiveCfg = Debug|Any CPU
		{CFDC3092-6C7D-4926-89F8-75BF8ACFB7F8}.Debug|Any CPU.Build.0 = Debug|Any CPU
		{CFDC3092-6C7D-4926-89F8-75BF8ACFB7F8}.Release|Any CPU.ActiveCfg = Release|Any CPU
		{CFDC3092-6C7D-4926-89F8-75BF8ACFB7F8}.Release|Any CPU.Build.0 = Release|Any CPU
	EndGlobalSection
	GlobalSection(SolutionProperties) = preSolution
		HideSolutionNode = FALSE
	EndGlobalSection
	GlobalSection(ExtensibilityGlobals) = postSolution
		SolutionGuid = {11288AF8-5391-4E9B-BBF2-05487EFF22FB}
	EndGlobalSection
EndGlobal
